
Microsoft Visual Studio Solution File, Format Version 12.00
# Visual Studio Version 17
VisualStudioVersion = 17.5.33530.505
MinimumVisualStudioVersion = 10.0.40219.1
Project("{FAE04EC0-301F-11D3-BF4B-00C04F79EFBC}") = "WeatherAPI", "WeatherAPI.csproj", "{96E98EC5-C7D9-4237-AEF5-4511C52621D4}"
EndProject
Global
	GlobalSection(SolutionConfigurationPlatforms) = preSolution
		Debug|Any CPU = Debug|Any CPU
		Release|Any CPU = Release|Any CPU
	EndGlobalSection
	GlobalSection(ProjectConfigurationPlatforms) = postSolution
		{96E98EC5-C7D9-4237-AEF5-4511C52621D4}.Debug|Any CPU.ActiveCfg = Debug|Any CPU
		{96E98EC5-C7D9-4237-AEF5-4511C52621D4}.Debug|Any CPU.Build.0 = Debug|Any CPU
		{96E98EC5-C7D9-4237-AEF5-4511C52621D4}.Release|Any CPU.ActiveCfg = Release|Any CPU
		{96E98EC5-C7D9-4237-AEF5-4511C52621D4}.Release|Any CPU.Build.0 = Release|Any CPU
	EndGlobalSection
	GlobalSection(SolutionProperties) = preSolution
		HideSolutionNode = FALSE
	EndGlobalSection
	GlobalSection(ExtensibilityGlobals) = postSolution
		SolutionGuid = {9058EBB9-940D-4811-B9C9-2BE2C60EBDE5}
	EndGlobalSection
EndGlobal
